// !$*UTF8*$!
{
	archiveVersion = 1;
	classes = {
	};
	objectVersion = 55;
	objects = {

/* Begin PBXBuildFile section */
		BDB039C3286B4A3100491FEC /* AppDelegate.swift in Sources */ = {isa = PBXBuildFile; fileRef = BDB039C2286B4A3100491FEC /* AppDelegate.swift */; };
		BDB039C5286B4A3100491FEC /* SceneDelegate.swift in Sources */ = {isa = PBXBuildFile; fileRef = BDB039C4286B4A3100491FEC /* SceneDelegate.swift */; };
		BDB039C7286B4A3100491FEC /* ViewController.swift in Sources */ = {isa = PBXBuildFile; fileRef = BDB039C6286B4A3100491FEC /* ViewController.swift */; };
		BDB039CA286B4A3100491FEC /* Main.storyboard in Resources */ = {isa = PBXBuildFile; fileRef = BDB039C8286B4A3100491FEC /* Main.storyboard */; };
		BDB039CD286B4A3100491FEC /* cameraApp.xcdatamodeld in Sources */ = {isa = PBXBuildFile; fileRef = BDB039CB286B4A3100491FEC /* cameraApp.xcdatamodeld */; };
		BDB039CF286B4A3200491FEC /* Assets.xcassets in Resources */ = {isa = PBXBuildFile; fileRef = BDB039CE286B4A3200491FEC /* Assets.xcassets */; };
		BDB039D2286B4A3200491FEC /* LaunchScreen.storyboard in Resources */ = {isa = PBXBuildFile; fileRef = BDB039D0286B4A3200491FEC /* LaunchScreen.storyboard */; };
		BDB039DD286B4A3200491FEC /* cameraAppTests.swift in Sources */ = {isa = PBXBuildFile; fileRef = BDB039DC286B4A3200491FEC /* cameraAppTests.swift */; };
		BDB039E7286B4A3200491FEC /* cameraAppUITests.swift in Sources */ = {isa = PBXBuildFile; fileRef = BDB039E6286B4A3200491FEC /* cameraAppUITests.swift */; };
		BDB039E9286B4A3200491FEC /* cameraAppUITestsLaunchTests.swift in Sources */ = {isa = PBXBuildFile; fileRef = BDB039E8286B4A3200491FEC /* cameraAppUITestsLaunchTests.swift */; };
/* End PBXBuildFile section */

/* Begin PBXContainerItemProxy section */
		BDB039D9286B4A3200491FEC /* PBXContainerItemProxy */ = {
			isa = PBXContainerItemProxy;
			containerPortal = BDB039B7286B4A3100491FEC /* Project object */;
			proxyType = 1;
			remoteGlobalIDString = BDB039BE286B4A3100491FEC;
			remoteInfo = cameraApp;
		};
		BDB039E3286B4A3200491FEC /* PBXContainerItemProxy */ = {
			isa = PBXContainerItemProxy;
			containerPortal = BDB039B7286B4A3100491FEC /* Project object */;
			proxyType = 1;
			remoteGlobalIDString = BDB039BE286B4A3100491FEC;
			remoteInfo = cameraApp;
		};
/* End PBXContainerItemProxy section */

/* Begin PBXFileReference section */
		BDB039BF286B4A3100491FEC /* cameraApp.app */ = {isa = PBXFileReference; explicitFileType = wrapper.application; includeInIndex = 0; path = cameraApp.app; sourceTree = BUILT_PRODUCTS_DIR; };
		BDB039C2286B4A3100491FEC /* AppDelegate.swift */ = {isa = PBXFileReference; lastKnownFileType = sourcecode.swift; path = AppDelegate.swift; sourceTree = "<group>"; };
		BDB039C4286B4A3100491FEC /* SceneDelegate.swift */ = {isa = PBXFileReference; lastKnownFileType = sourcecode.swift; path = SceneDelegate.swift; sourceTree = "<group>"; };
		BDB039C6286B4A3100491FEC /* ViewController.swift */ = {isa = PBXFileReference; lastKnownFileType = sourcecode.swift; path = ViewController.swift; sourceTree = "<group>"; };
		BDB039C9286B4A3100491FEC /* Base */ = {isa = PBXFileReference; lastKnownFileType = file.storyboard; name = Base; path = Base.lproj/Main.storyboard; sourceTree = "<group>"; };
		BDB039CC286B4A3100491FEC /* cameraApp.xcdatamodel */ = {isa = PBXFileReference; lastKnownFileType = wrapper.xcdatamodel; path = cameraApp.xcdatamodel; sourceTree = "<group>"; };
		BDB039CE286B4A3200491FEC /* Assets.xcassets */ = {isa = PBXFileReference; lastKnownFileType = folder.assetcatalog; path = Assets.xcassets; sourceTree = "<group>"; };
		BDB039D1286B4A3200491FEC /* Base */ = {isa = PBXFileReference; lastKnownFileType = file.storyboard; name = Base; path = Base.lproj/LaunchScreen.storyboard; sourceTree = "<group>"; };
		BDB039D3286B4A3200491FEC /* Info.plist */ = {isa = PBXFileReference; lastKnownFileType = text.plist.xml; path = Info.plist; sourceTree = "<group>"; };
		BDB039D8286B4A3200491FEC /* cameraAppTests.xctest */ = {isa = PBXFileReference; explicitFileType = wrapper.cfbundle; includeInIndex = 0; path = cameraAppTests.xctest; sourceTree = BUILT_PRODUCTS_DIR; };
		BDB039DC286B4A3200491FEC /* cameraAppTests.swift */ = {isa = PBXFileReference; lastKnownFileType = sourcecode.swift; path = cameraAppTests.swift; sourceTree = "<group>"; };
		BDB039E2286B4A3200491FEC /* cameraAppUITests.xctest */ = {isa = PBXFileReference; explicitFileType = wrapper.cfbundle; includeInIndex = 0; path = cameraAppUITests.xctest; sourceTree = BUILT_PRODUCTS_DIR; };
		BDB039E6286B4A3200491FEC /* cameraAppUITests.swift */ = {isa = PBXFileReference; lastKnownFileType = sourcecode.swift; path = cameraAppUITests.swift; sourceTree = "<group>"; };
		BDB039E8286B4A3200491FEC /* cameraAppUITestsLaunchTests.swift */ = {isa = PBXFileReference; lastKnownFileType = sourcecode.swift; path = cameraAppUITestsLaunchTests.swift; sourceTree = "<group>"; };
/* End PBXFileReference section */

/* Begin PBXFrameworksBuildPhase section */
		BDB039BC286B4A3100491FEC /* Frameworks */ = {
			isa = PBXFrameworksBuildPhase;
			buildActionMask = 2147483647;
			files = (
			);
			runOnlyForDeploymentPostprocessing = 0;
		};
		BDB039D5286B4A3200491FEC /* Frameworks */ = {
			isa = PBXFrameworksBuildPhase;
			buildActionMask = 2147483647;
			files = (
			);
			runOnlyForDeploymentPostprocessing = 0;
		};
		BDB039DF286B4A3200491FEC /* Frameworks */ = {
			isa = PBXFrameworksBuildPhase;
			buildActionMask = 2147483647;
			files = (
			);
			runOnlyForDeploymentPostprocessing = 0;
		};
/* End PBXFrameworksBuildPhase section */

/* Begin PBXGroup section */
		BDB039B6286B4A3100491FEC = {
			isa = PBXGroup;
			children = (
				BDB039C1286B4A3100491FEC /* cameraApp */,
				BDB039DB286B4A3200491FEC /* cameraAppTests */,
				BDB039E5286B4A3200491FEC /* cameraAppUITests */,
				BDB039C0286B4A3100491FEC /* Products */,
			);
			sourceTree = "<group>";
		};
		BDB039C0286B4A3100491FEC /* Products */ = {
			isa = PBXGroup;
			children = (
				BDB039BF286B4A3100491FEC /* cameraApp.app */,
				BDB039D8286B4A3200491FEC /* cameraAppTests.xctest */,
				BDB039E2286B4A3200491FEC /* cameraAppUITests.xctest */,
			);
			name = Products;
			sourceTree = "<group>";
		};
		BDB039C1286B4A3100491FEC /* cameraApp */ = {
			isa = PBXGroup;
			children = (
				BDB039C2286B4A3100491FEC /* AppDelegate.swift */,
				BDB039C4286B4A3100491FEC /* SceneDelegate.swift */,
				BDB039C6286B4A3100491FEC /* ViewController.swift */,
				BDB039C8286B4A3100491FEC /* Main.storyboard */,
				BDB039CE286B4A3200491FEC /* Assets.xcassets */,
				BDB039D0286B4A3200491FEC /* LaunchScreen.storyboard */,
				BDB039D3286B4A3200491FEC /* Info.plist */,
				BDB039CB286B4A3100491FEC /* cameraApp.xcdatamodeld */,
			);
			path = cameraApp;
			sourceTree = "<group>";
		};
		BDB039DB286B4A3200491FEC /* cameraAppTests */ = {
			isa = PBXGroup;
			children = (
				BDB039DC286B4A3200491FEC /* cameraAppTests.swift */,
			);
			path = cameraAppTests;
			sourceTree = "<group>";
		};
		BDB039E5286B4A3200491FEC /* cameraAppUITests */ = {
			isa = PBXGroup;
			children = (
				BDB039E6286B4A3200491FEC /* cameraAppUITests.swift */,
				BDB039E8286B4A3200491FEC /* cameraAppUITestsLaunchTests.swift */,
			);
			path = cameraAppUITests;
			sourceTree = "<group>";
		};
/* End PBXGroup section */

/* Begin PBXNativeTarget section */
		BDB039BE286B4A3100491FEC /* cameraApp */ = {
			isa = PBXNativeTarget;
			buildConfigurationList = BDB039EC286B4A3200491FEC /* Build configuration list for PBXNativeTarget "cameraApp" */;
			buildPhases = (
				BDB039BB286B4A3100491FEC /* Sources */,
				BDB039BC286B4A3100491FEC /* Frameworks */,
				BDB039BD286B4A3100491FEC /* Resources */,
			);
			buildRules = (
			);
			dependencies = (
			);
			name = cameraApp;
			productName = cameraApp;
			productReference = BDB039BF286B4A3100491FEC /* cameraApp.app */;
			productType = "com.apple.product-type.application";
		};
		BDB039D7286B4A3200491FEC /* cameraAppTests */ = {
			isa = PBXNativeTarget;
			buildConfigurationList = BDB039EF286B4A3200491FEC /* Build configuration list for PBXNativeTarget "cameraAppTests" */;
			buildPhases = (
				BDB039D4286B4A3200491FEC /* Sources */,
				BDB039D5286B4A3200491FEC /* Frameworks */,
				BDB039D6286B4A3200491FEC /* Resources */,
			);
			buildRules = (
			);
			dependencies = (
				BDB039DA286B4A3200491FEC /* PBXTargetDependency */,
			);
			name = cameraAppTests;
			productName = cameraAppTests;
			productReference = BDB039D8286B4A3200491FEC /* cameraAppTests.xctest */;
			productType = "com.apple.product-type.bundle.unit-test";
		};
		BDB039E1286B4A3200491FEC /* cameraAppUITests */ = {
			isa = PBXNativeTarget;
			buildConfigurationList = BDB039F2286B4A3200491FEC /* Build configuration list for PBXNativeTarget "cameraAppUITests" */;
			buildPhases = (
				BDB039DE286B4A3200491FEC /* Sources */,
				BDB039DF286B4A3200491FEC /* Frameworks */,
				BDB039E0286B4A3200491FEC /* Resources */,
			);
			buildRules = (
			);
			dependencies = (
				BDB039E4286B4A3200491FEC /* PBXTargetDependency */,
			);
			name = cameraAppUITests;
			productName = cameraAppUITests;
			productReference = BDB039E2286B4A3200491FEC /* cameraAppUITests.xctest */;
			productType = "com.apple.product-type.bundle.ui-testing";
		};
/* End PBXNativeTarget section */

/* Begin PBXProject section */
		BDB039B7286B4A3100491FEC /* Project object */ = {
			isa = PBXProject;
			attributes = {
				BuildIndependentTargetsInParallel = 1;
				LastSwiftUpdateCheck = 1340;
				LastUpgradeCheck = 1340;
				TargetAttributes = {
					BDB039BE286B4A3100491FEC = {
						CreatedOnToolsVersion = 13.4.1;
					};
					BDB039D7286B4A3200491FEC = {
						CreatedOnToolsVersion = 13.4.1;
						TestTargetID = BDB039BE286B4A3100491FEC;
					};
					BDB039E1286B4A3200491FEC = {
						CreatedOnToolsVersion = 13.4.1;
						TestTargetID = BDB039BE286B4A3100491FEC;
					};
				};
			};
			buildConfigurationList = BDB039BA286B4A3100491FEC /* Build configuration list for PBXProject "cameraApp" */;
			compatibilityVersion = "Xcode 13.0";
			developmentRegion = en;
			hasScannedForEncodings = 0;
			knownRegions = (
				en,
				Base,
			);
			mainGroup = BDB039B6286B4A3100491FEC;
			productRefGroup = BDB039C0286B4A3100491FEC /* Products */;
			projectDirPath = "";
			projectRoot = "";
			targets = (
				BDB039BE286B4A3100491FEC /* cameraApp */,
				BDB039D7286B4A3200491FEC /* cameraAppTests */,
				BDB039E1286B4A3200491FEC /* cameraAppUITests */,
			);
		};
/* End PBXProject section */

/* Begin PBXResourcesBuildPhase section */
		BDB039BD286B4A3100491FEC /* Resources */ = {
			isa = PBXResourcesBuildPhase;
			buildActionMask = 2147483647;
			files = (
				BDB039D2286B4A3200491FEC /* LaunchScreen.storyboard in Resources */,
				BDB039CF286B4A3200491FEC /* Assets.xcassets in Resources */,
				BDB039CA286B4A3100491FEC /* Main.storyboard in Resources */,
			);
			runOnlyForDeploymentPostprocessing = 0;
		};
		BDB039D6286B4A3200491FEC /* Resources */ = {
			isa = PBXResourcesBuildPhase;
			buildActionMask = 2147483647;
			files = (
			);
			runOnlyForDeploymentPostprocessing = 0;
		};
		BDB039E0286B4A3200491FEC /* Resources */ = {
			isa = PBXResourcesBuildPhase;
			buildActionMask = 2147483647;
			files = (
			);
			runOnlyForDeploymentPostprocessing = 0;
		};
/* End PBXResourcesBuildPhase section */

/* Begin PBXSourcesBuildPhase section */
		BDB039BB286B4A3100491FEC /* Sources */ = {
			isa = PBXSourcesBuildPhase;
			buildActionMask = 2147483647;
			files = (
				BDB039CD286B4A3100491FEC /* cameraApp.xcdatamodeld in Sources */,
				BDB039C7286B4A3100491FEC /* ViewController.swift in Sources */,
				BDB039C3286B4A3100491FEC /* AppDelegate.swift in Sources */,
				BDB039C5286B4A3100491FEC /* SceneDelegate.swift in Sources */,
			);
			runOnlyForDeploymentPostprocessing = 0;
		};
		BDB039D4286B4A3200491FEC /* Sources */ = {
			isa = PBXSourcesBuildPhase;
			buildActionMask = 2147483647;
			files = (
				BDB039DD286B4A3200491FEC /* cameraAppTests.swift in Sources */,
			);
			runOnlyForDeploymentPostprocessing = 0;
		};
		BDB039DE286B4A3200491FEC /* Sources */ = {
			isa = PBXSourcesBuildPhase;
			buildActionMask = 2147483647;
			files = (
				BDB039E7286B4A3200491FEC /* cameraAppUITests.swift in Sources */,
				BDB039E9286B4A3200491FEC /* cameraAppUITestsLaunchTests.swift in Sources */,
			);
			runOnlyForDeploymentPostprocessing = 0;
		};
/* End PBXSourcesBuildPhase section */

/* Begin PBXTargetDependency section */
		BDB039DA286B4A3200491FEC /* PBXTargetDependency */ = {
			isa = PBXTargetDependency;
			target = BDB039BE286B4A3100491FEC /* cameraApp */;
			targetProxy = BDB039D9286B4A3200491FEC /* PBXContainerItemProxy */;
		};
		BDB039E4286B4A3200491FEC /* PBXTargetDependency */ = {
			isa = PBXTargetDependency;
			target = BDB039BE286B4A3100491FEC /* cameraApp */;
			targetProxy = BDB039E3286B4A3200491FEC /* PBXContainerItemProxy */;
		};
/* End PBXTargetDependency section */

/* Begin PBXVariantGroup section */
		BDB039C8286B4A3100491FEC /* Main.storyboard */ = {
			isa = PBXVariantGroup;
			children = (
				BDB039C9286B4A3100491FEC /* Base */,
			);
			name = Main.storyboard;
			sourceTree = "<group>";
		};
		BDB039D0286B4A3200491FEC /* LaunchScreen.storyboard */ = {
			isa = PBXVariantGroup;
			children = (
				BDB039D1286B4A3200491FEC /* Base */,
			);
			name = LaunchScreen.storyboard;
			sourceTree = "<group>";
		};
/* End PBXVariantGroup section */

/* Begin XCBuildConfiguration section */
		BDB039EA286B4A3200491FEC /* Debug */ = {
			isa = XCBuildConfiguration;
			buildSettings = {
				ALWAYS_SEARCH_USER_PATHS = NO;
				CLANG_ANALYZER_NONNULL = YES;
				CLANG_ANALYZER_NUMBER_OBJECT_CONVERSION = YES_AGGRESSIVE;
				CLANG_CXX_LANGUAGE_STANDARD = "gnu++17";
				CLANG_ENABLE_MODULES = YES;
				CLANG_ENABLE_OBJC_ARC = YES;
				CLANG_ENABLE_OBJC_WEAK = YES;
				CLANG_WARN_BLOCK_CAPTURE_AUTORELEASING = YES;
				CLANG_WARN_BOOL_CONVERSION = YES;
				CLANG_WARN_COMMA = YES;
				CLANG_WARN_CONSTANT_CONVERSION = YES;
				CLANG_WARN_DEPRECATED_OBJC_IMPLEMENTATIONS = YES;
				CLANG_WARN_DIRECT_OBJC_ISA_USAGE = YES_ERROR;
				CLANG_WARN_DOCUMENTATION_COMMENTS = YES;
				CLANG_WARN_EMPTY_BODY = YES;
				CLANG_WARN_ENUM_CONVERSION = YES;
				CLANG_WARN_INFINITE_RECURSION = YES;
				CLANG_WARN_INT_CONVERSION = YES;
				CLANG_WARN_NON_LITERAL_NULL_CONVERSION = YES;
				CLANG_WARN_OBJC_IMPLICIT_RETAIN_SELF = YES;
				CLANG_WARN_OBJC_LITERAL_CONVERSION = YES;
				CLANG_WARN_OBJC_ROOT_CLASS = YES_ERROR;
				CLANG_WARN_QUOTED_INCLUDE_IN_FRAMEWORK_HEADER = YES;
				CLANG_WARN_RANGE_LOOP_ANALYSIS = YES;
				CLANG_WARN_STRICT_PROTOTYPES = YES;
				CLANG_WARN_SUSPICIOUS_MOVE = YES;
				CLANG_WARN_UNGUARDED_AVAILABILITY = YES_AGGRESSIVE;
				CLANG_WARN_UNREACHABLE_CODE = YES;
				CLANG_WARN__DUPLICATE_METHOD_MATCH = YES;
				COPY_PHASE_STRIP = NO;
				DEBUG_INFORMATION_FORMAT = dwarf;
				ENABLE_STRICT_OBJC_MSGSEND = YES;
				ENABLE_TESTABILITY = YES;
				GCC_C_LANGUAGE_STANDARD = gnu11;
				GCC_DYNAMIC_NO_PIC = NO;
				GCC_NO_COMMON_BLOCKS = YES;
				GCC_OPTIMIZATION_LEVEL = 0;
				GCC_PREPROCESSOR_DEFINITIONS = (
					"DEBUG=1",
					"$(inherited)",
				);
				GCC_WARN_64_TO_32_BIT_CONVERSION = YES;
				GCC_WARN_ABOUT_RETURN_TYPE = YES_ERROR;
				GCC_WARN_UNDECLARED_SELECTOR = YES;
				GCC_WARN_UNINITIALIZED_AUTOS = YES_AGGRESSIVE;
				GCC_WARN_UNUSED_FUNCTION = YES;
				GCC_WARN_UNUSED_VARIABLE = YES;
				IPHONEOS_DEPLOYMENT_TARGET = 15.5;
				MTL_ENABLE_DEBUG_INFO = INCLUDE_SOURCE;
				MTL_FAST_MATH = YES;
				ONLY_ACTIVE_ARCH = YES;
				SDKROOT = iphoneos;
				SWIFT_ACTIVE_COMPILATION_CONDITIONS = DEBUG;
				SWIFT_OPTIMIZATION_LEVEL = "-Onone";
			};
			name = Debug;
		};
		BDB039EB286B4A3200491FEC /* Release */ = {
			isa = XCBuildConfiguration;
			buildSettings = {
				ALWAYS_SEARCH_USER_PATHS = NO;
				CLANG_ANALYZER_NONNULL = YES;
				CLANG_ANALYZER_NUMBER_OBJECT_CONVERSION = YES_AGGRESSIVE;
				CLANG_CXX_LANGUAGE_STANDARD = "gnu++17";
				CLANG_ENABLE_MODULES = YES;
				CLANG_ENABLE_OBJC_ARC = YES;
				CLANG_ENABLE_OBJC_WEAK = YES;
				CLANG_WARN_BLOCK_CAPTURE_AUTORELEASING = YES;
				CLANG_WARN_BOOL_CONVERSION = YES;
				CLANG_WARN_COMMA = YES;
				CLANG_WARN_CONSTANT_CONVERSION = YES;
				CLANG_WARN_DEPRECATED_OBJC_IMPLEMENTATIONS = YES;
				CLANG_WARN_DIRECT_OBJC_ISA_USAGE = YES_ERROR;
				CLANG_WARN_DOCUMENTATION_COMMENTS = YES;
				CLANG_WARN_EMPTY_BODY = YES;
				CLANG_WARN_ENUM_CONVERSION = YES;
				CLANG_WARN_INFINITE_RECURSION = YES;
				CLANG_WARN_INT_CONVERSION = YES;
				CLANG_WARN_NON_LITERAL_NULL_CONVERSION = YES;
				CLANG_WARN_OBJC_IMPLICIT_RETAIN_SELF = YES;
				CLANG_WARN_OBJC_LITERAL_CONVERSION = YES;
				CLANG_WARN_OBJC_ROOT_CLASS = YES_ERROR;
				CLANG_WARN_QUOTED_INCLUDE_IN_FRAMEWORK_HEADER = YES;
				CLANG_WARN_RANGE_LOOP_ANALYSIS = YES;
				CLANG_WARN_STRICT_PROTOTYPES = YES;
				CLANG_WARN_SUSPICIOUS_MOVE = YES;
				CLANG_WARN_UNGUARDED_AVAILABILITY = YES_AGGRESSIVE;
				CLANG_WARN_UNREACHABLE_CODE = YES;
				CLANG_WARN__DUPLICATE_METHOD_MATCH = YES;
				COPY_PHASE_STRIP = NO;
				DEBUG_INFORMATION_FORMAT = "dwarf-with-dsym";
				ENABLE_NS_ASSERTIONS = NO;
				ENABLE_STRICT_OBJC_MSGSEND = YES;
				GCC_C_LANGUAGE_STANDARD = gnu11;
				GCC_NO_COMMON_BLOCKS = YES;
				GCC_WARN_64_TO_32_BIT_CONVERSION = YES;
				GCC_WARN_ABOUT_RETURN_TYPE = YES_ERROR;
				GCC_WARN_UNDECLARED_SELECTOR = YES;
				GCC_WARN_UNINITIALIZED_AUTOS = YES_AGGRESSIVE;
				GCC_WARN_UNUSED_FUNCTION = YES;
				GCC_WARN_UNUSED_VARIABLE = YES;
				IPHONEOS_DEPLOYMENT_TARGET = 15.5;
				MTL_ENABLE_DEBUG_INFO = NO;
				MTL_FAST_MATH = YES;
				SDKROOT = iphoneos;
				SWIFT_COMPILATION_MODE = wholemodule;
				SWIFT_OPTIMIZATION_LEVEL = "-O";
				VALIDATE_PRODUCT = YES;
			};
			name = Release;
		};
		BDB039ED286B4A3200491FEC /* Debug */ = {
			isa = XCBuildConfiguration;
			buildSettings = {
				ASSETCATALOG_COMPILER_APPICON_NAME = AppIcon;
				ASSETCATALOG_COMPILER_GLOBAL_ACCENT_COLOR_NAME = AccentColor;
				CODE_SIGN_STYLE = Automatic;
				CURRENT_PROJECT_VERSION = 1;
				GENERATE_INFOPLIST_FILE = YES;
				INFOPLIST_FILE = cameraApp/Info.plist;
				INFOPLIST_KEY_UIApplicationSupportsIndirectInputEvents = YES;
				INFOPLIST_KEY_UILaunchStoryboardName = LaunchScreen;
				INFOPLIST_KEY_UIMainStoryboardFile = Main;
				INFOPLIST_KEY_UISupportedInterfaceOrientations_iPad = "UIInterfaceOrientationPortrait UIInterfaceOrientationPortraitUpsideDown UIInterfaceOrientationLandscapeLeft UIInterfaceOrientationLandscapeRight";
				INFOPLIST_KEY_UISupportedInterfaceOrientations_iPhone = "UIInterfaceOrientationPortrait UIInterfaceOrientationLandscapeLeft UIInterfaceOrientationLandscapeRight";
				LD_RUNPATH_SEARCH_PATHS = (
					"$(inherited)",
					"@executable_path/Frameworks",
				);
				MARKETING_VERSION = 1.0;
				PRODUCT_BUNDLE_IDENTIFIER = kwk.cameraApp;
				PRODUCT_NAME = "$(TARGET_NAME)";
				SWIFT_EMIT_LOC_STRINGS = YES;
				SWIFT_VERSION = 5.0;
				TARGETED_DEVICE_FAMILY = "1,2";
			};
			name = Debug;
		};
		BDB039EE286B4A3200491FEC /* Release */ = {
			isa = XCBuildConfiguration;
			buildSettings = {
				ASSETCATALOG_COMPILER_APPICON_NAME = AppIcon;
				ASSETCATALOG_COMPILER_GLOBAL_ACCENT_COLOR_NAME = AccentColor;
				CODE_SIGN_STYLE = Automatic;
				CURRENT_PROJECT_VERSION = 1;
				GENERATE_INFOPLIST_FILE = YES;
				INFOPLIST_FILE = cameraApp/Info.plist;
				INFOPLIST_KEY_UIApplicationSupportsIndirectInputEvents = YES;
				INFOPLIST_KEY_UILaunchStoryboardName = LaunchScreen;
				INFOPLIST_KEY_UIMainStoryboardFile = Main;
				INFOPLIST_KEY_UISupportedInterfaceOrientations_iPad = "UIInterfaceOrientationPortrait UIInterfaceOrientationPortraitUpsideDown UIInterfaceOrientationLandscapeLeft UIInterfaceOrientationLandscapeRight";
				INFOPLIST_KEY_UISupportedInterfaceOrientations_iPhone = "UIInterfaceOrientationPortrait UIInterfaceOrientationLandscapeLeft UIInterfaceOrientationLandscapeRight";
				LD_RUNPATH_SEARCH_PATHS = (
					"$(inherited)",
					"@executable_path/Frameworks",
				);
				MARKETING_VERSION = 1.0;
				PRODUCT_BUNDLE_IDENTIFIER = kwk.cameraApp;
				PRODUCT_NAME = "$(TARGET_NAME)";
				SWIFT_EMIT_LOC_STRINGS = YES;
				SWIFT_VERSION = 5.0;
				TARGETED_DEVICE_FAMILY = "1,2";
			};
			name = Release;
		};
		BDB039F0286B4A3200491FEC /* Debug */ = {
			isa = XCBuildConfiguration;
			buildSettings = {
				ALWAYS_EMBED_SWIFT_STANDARD_LIBRARIES = YES;
				BUNDLE_LOADER = "$(TEST_HOST)";
				CODE_SIGN_STYLE = Automatic;
				CURRENT_PROJECT_VERSION = 1;
				GENERATE_INFOPLIST_FILE = YES;
				IPHONEOS_DEPLOYMENT_TARGET = 15.5;
				MARKETING_VERSION = 1.0;
				PRODUCT_BUNDLE_IDENTIFIER = kwk.cameraAppTests;
				PRODUCT_NAME = "$(TARGET_NAME)";
				SWIFT_EMIT_LOC_STRINGS = NO;
				SWIFT_VERSION = 5.0;
				TARGETED_DEVICE_FAMILY = "1,2";
				TEST_HOST = "$(BUILT_PRODUCTS_DIR)/cameraApp.app/cameraApp";
			};
			name = Debug;
		};
		BDB039F1286B4A3200491FEC /* Release */ = {
			isa = XCBuildConfiguration;
			buildSettings = {
				ALWAYS_EMBED_SWIFT_STANDARD_LIBRARIES = YES;
				BUNDLE_LOADER = "$(TEST_HOST)";
				CODE_SIGN_STYLE = Automatic;
				CURRENT_PROJECT_VERSION = 1;
				GENERATE_INFOPLIST_FILE = YES;
				IPHONEOS_DEPLOYMENT_TARGET = 15.5;
				MARKETING_VERSION = 1.0;
				PRODUCT_BUNDLE_IDENTIFIER = kwk.cameraAppTests;
				PRODUCT_NAME = "$(TARGET_NAME)";
				SWIFT_EMIT_LOC_STRINGS = NO;
				SWIFT_VERSION = 5.0;
				TARGETED_DEVICE_FAMILY = "1,2";
				TEST_HOST = "$(BUILT_PRODUCTS_DIR)/cameraApp.app/cameraApp";
			};
			name = Release;
		};
		BDB039F3286B4A3200491FEC /* Debug */ = {
			isa = XCBuildConfiguration;
			buildSettings = {
				ALWAYS_EMBED_SWIFT_STANDARD_LIBRARIES = YES;
				CODE_SIGN_STYLE = Automatic;
				CURRENT_PROJECT_VERSION = 1;
				GENERATE_INFOPLIST_FILE = YES;
				MARKETING_VERSION = 1.0;
				PRODUCT_BUNDLE_IDENTIFIER = kwk.cameraAppUITests;
				PRODUCT_NAME = "$(TARGET_NAME)";
				SWIFT_EMIT_LOC_STRINGS = NO;
				SWIFT_VERSION = 5.0;
				TARGETED_DEVICE_FAMILY = "1,2";
				TEST_TARGET_NAME = cameraApp;
			};
			name = Debug;
		};
		BDB039F4286B4A3200491FEC /* Release */ = {
			isa = XCBuildConfiguration;
			buildSettings = {
				ALWAYS_EMBED_SWIFT_STANDARD_LIBRARIES = YES;
				CODE_SIGN_STYLE = Automatic;
				CURRENT_PROJECT_VERSION = 1;
				GENERATE_INFOPLIST_FILE = YES;
				MARKETING_VERSION = 1.0;
				PRODUCT_BUNDLE_IDENTIFIER = kwk.cameraAppUITests;
				PRODUCT_NAME = "$(TARGET_NAME)";
				SWIFT_EMIT_LOC_STRINGS = NO;
				SWIFT_VERSION = 5.0;
				TARGETED_DEVICE_FAMILY = "1,2";
				TEST_TARGET_NAME = cameraApp;
			};
			name = Release;
		};
/* End XCBuildConfiguration section */

/* Begin XCConfigurationList section */
		BDB039BA286B4A3100491FEC /* Build configuration list for PBXProject "cameraApp" */ = {
			isa = XCConfigurationList;
			buildConfigurations = (
				BDB039EA286B4A3200491FEC /* Debug */,
				BDB039EB286B4A3200491FEC /* Release */,
			);
			defaultConfigurationIsVisible = 0;
			defaultConfigurationName = Release;
		};
		BDB039EC286B4A3200491FEC /* Build configuration list for PBXNativeTarget "cameraApp" */ = {
			isa = XCConfigurationList;
			buildConfigurations = (
				BDB039ED286B4A3200491FEC /* Debug */,
				BDB039EE286B4A3200491FEC /* Release */,
			);
			defaultConfigurationIsVisible = 0;
			defaultConfigurationName = Release;
		};
		BDB039EF286B4A3200491FEC /* Build configuration list for PBXNativeTarget "cameraAppTests" */ = {
			isa = XCConfigurationList;
			buildConfigurations = (
				BDB039F0286B4A3200491FEC /* Debug */,
				BDB039F1286B4A3200491FEC /* Release */,
			);
			defaultConfigurationIsVisible = 0;
			defaultConfigurationName = Release;
		};
		BDB039F2286B4A3200491FEC /* Build configuration list for PBXNativeTarget "cameraAppUITests" */ = {
			isa = XCConfigurationList;
			buildConfigurations = (
				BDB039F3286B4A3200491FEC /* Debug */,
				BDB039F4286B4A3200491FEC /* Release */,
			);
			defaultConfigurationIsVisible = 0;
			defaultConfigurationName = Release;
		};
/* End XCConfigurationList section */

/* Begin XCVersionGroup section */
		BDB039CB286B4A3100491FEC /* cameraApp.xcdatamodeld */ = {
			isa = XCVersionGroup;
			children = (
				BDB039CC286B4A3100491FEC /* cameraApp.xcdatamodel */,
			);
			currentVersion = BDB039CC286B4A3100491FEC /* cameraApp.xcdatamodel */;
			path = cameraApp.xcdatamodeld;
			sourceTree = "<group>";
			versionGroupType = wrapper.xcdatamodel;
		};
/* End XCVersionGroup section */
	};
	rootObject = BDB039B7286B4A3100491FEC /* Project object */;
}
